
Microsoft Visual Studio Solution File, Format Version 12.00
# Visual Studio Version 17
VisualStudioVersion = 17.12.35527.113 d17.12
MinimumVisualStudioVersion = 10.0.40219.1
Project("{FAE04EC0-301F-11D3-BF4B-00C04F79EFBC}") = "NatLap08", "NatLap08\NatLap08.csproj", "{C0FBB48B-574D-41D0-918C-45D12BA47DAB}"
EndProject
Global
	GlobalSection(SolutionConfigurationPlatforms) = preSolution
		Debug|Any CPU = Debug|Any CPU
		Release|Any CPU = Release|Any CPU
	EndGlobalSection
	GlobalSection(ProjectConfigurationPlatforms) = postSolution
		{C0FBB48B-574D-41D0-918C-45D12BA47DAB}.Debug|Any CPU.ActiveCfg = Debug|Any CPU
		{C0FBB48B-574D-41D0-918C-45D12BA47DAB}.Debug|Any CPU.Build.0 = Debug|Any CPU
		{C0FBB48B-574D-41D0-918C-45D12BA47DAB}.Release|Any CPU.ActiveCfg = Release|Any CPU
		{C0FBB48B-574D-41D0-918C-45D12BA47DAB}.Release|Any CPU.Build.0 = Release|Any CPU
	EndGlobalSection
	GlobalSection(SolutionProperties) = preSolution
		HideSolutionNode = FALSE
	EndGlobalSection
EndGlobal
