
Microsoft Visual Studio Solution File, Format Version 12.00
# Visual Studio Version 17
VisualStudioVersion = 17.12.35527.113 d17.12
MinimumVisualStudioVersion = 10.0.40219.1
Project("{FAE04EC0-301F-11D3-BF4B-00C04F79EFBC}") = "Nat_lesson03", "Nat_lesson03\Nat_lesson03.csproj", "{1FDF13CA-A93D-4115-961B-F22DE61A3FFF}"
EndProject
Global
	GlobalSection(SolutionConfigurationPlatforms) = preSolution
		Debug|Any CPU = Debug|Any CPU
		Release|Any CPU = Release|Any CPU
	EndGlobalSection
	GlobalSection(ProjectConfigurationPlatforms) = postSolution
		{1FDF13CA-A93D-4115-961B-F22DE61A3FFF}.Debug|Any CPU.ActiveCfg = Debug|Any CPU
		{1FDF13CA-A93D-4115-961B-F22DE61A3FFF}.Debug|Any CPU.Build.0 = Debug|Any CPU
		{1FDF13CA-A93D-4115-961B-F22DE61A3FFF}.Release|Any CPU.ActiveCfg = Release|Any CPU
		{1FDF13CA-A93D-4115-961B-F22DE61A3FFF}.Release|Any CPU.Build.0 = Release|Any CPU
	EndGlobalSection
	GlobalSection(SolutionProperties) = preSolution
		HideSolutionNode = FALSE
	EndGlobalSection
EndGlobal
